// !$*UTF8*$!
{
	archiveVersion = 1;
	classes = {
	};
	objectVersion = 56;
	objects = {

/* Begin PBXBuildFile section */
		FF20BC4029D314DA00A0F8F5 /* ming.cpp in Sources */ = {isa = PBXBuildFile; fileRef = FF68228429CDB16300A0ED3C /* ming.cpp */; };
		FF20BC4929D3180100A0F8F5 /* MindGuardApp.swift in Sources */ = {isa = PBXBuildFile; fileRef = FF20BC4829D3180100A0F8F5 /* MindGuardApp.swift */; };
		FF20BC4B29D3180100A0F8F5 /* MainView.swift in Sources */ = {isa = PBXBuildFile; fileRef = FF20BC4A29D3180100A0F8F5 /* MainView.swift */; };
		FF20BC4D29D3180200A0F8F5 /* Assets.xcassets in Resources */ = {isa = PBXBuildFile; fileRef = FF20BC4C29D3180200A0F8F5 /* Assets.xcassets */; };
		FF20BC5029D3180200A0F8F5 /* Preview Assets.xcassets in Resources */ = {isa = PBXBuildFile; fileRef = FF20BC4F29D3180200A0F8F5 /* Preview Assets.xcassets */; };
		FF20BC5529D3192600A0F8F5 /* HitListView.swift in Sources */ = {isa = PBXBuildFile; fileRef = FF20BC5429D3192600A0F8F5 /* HitListView.swift */; };
		FF20BC5729D31C2600A0F8F5 /* Coin.swift in Sources */ = {isa = PBXBuildFile; fileRef = FF20BC5629D31C2600A0F8F5 /* Coin.swift */; };
		FF20BC5B29D320B500A0F8F5 /* HitCell.swift in Sources */ = {isa = PBXBuildFile; fileRef = FF20BC5A29D320B500A0F8F5 /* HitCell.swift */; };
		FF2E387D29D46EC600A72C90 /* ChalkView.swift in Sources */ = {isa = PBXBuildFile; fileRef = FF2E387C29D46EC600A72C90 /* ChalkView.swift */; };
		FF2E38A129D475AE00A72C90 /* Cube.rcproject in Sources */ = {isa = PBXBuildFile; fileRef = FF2E38A029D475AE00A72C90 /* Cube.rcproject */; };
		FF32E62B29D47C0D00571ADE /* DepsychView.swift in Sources */ = {isa = PBXBuildFile; fileRef = FF32E62A29D47C0D00571ADE /* DepsychView.swift */; };
		FF7EFAAB29D47E5F002DA633 /* DePsych.scnassets in Resources */ = {isa = PBXBuildFile; fileRef = FF7EFAAA29D47E5F002DA633 /* DePsych.scnassets */; };
		FF7EFAAD29D481E9002DA633 /* HitMapView.swift in Sources */ = {isa = PBXBuildFile; fileRef = FF7EFAAC29D481E9002DA633 /* HitMapView.swift */; };
		FF9C83E62A0A8A28004A8FE6 /* carrier.c in Sources */ = {isa = PBXBuildFile; fileRef = FF68229129CDCEDD00A0ED3C /* carrier.c */; };
		FF9C83F52A0A8A95004A8FE6 /* libzapato.a in Frameworks */ = {isa = PBXBuildFile; fileRef = FF9C83EB2A0A8A72004A8FE6 /* libzapato.a */; };
		FF9C83F82A0A9363004A8FE6 /* zapato.c in Sources */ = {isa = PBXBuildFile; fileRef = FF9C83F72A0A9363004A8FE6 /* zapato.c */; };
		FF9C83F92A0A9761004A8FE6 /* zapato.c in Sources */ = {isa = PBXBuildFile; fileRef = FF9C83F72A0A9363004A8FE6 /* zapato.c */; };
		FFAA7D0D29D8765700AB9A0D /* PsIdentView.swift in Sources */ = {isa = PBXBuildFile; fileRef = FFAA7D0C29D8765700AB9A0D /* PsIdentView.swift */; };
/* End PBXBuildFile section */

/* Begin PBXCopyFilesBuildPhase section */
		FF68226D29CDAFB700A0ED3C /* CopyFiles */ = {
			isa = PBXCopyFilesBuildPhase;
			buildActionMask = 2147483647;
			dstPath = /usr/share/man/man1/;
			dstSubfolderSpec = 0;
			files = (
			);
			runOnlyForDeploymentPostprocessing = 1;
		};
		FF9C83E92A0A8A72004A8FE6 /* CopyFiles */ = {
			isa = PBXCopyFilesBuildPhase;
			buildActionMask = 2147483647;
			dstPath = "include/$(PRODUCT_NAME)";
			dstSubfolderSpec = 16;
			files = (
			);
			runOnlyForDeploymentPostprocessing = 0;
		};
/* End PBXCopyFilesBuildPhase section */

/* Begin PBXFileReference section */
		FF20BC4129D3150700A0F8F5 /* docs */ = {isa = PBXFileReference; lastKnownFileType = folder; path = docs; sourceTree = "<group>"; };
		FF20BC4629D3180100A0F8F5 /* MindGuard.app */ = {isa = PBXFileReference; explicitFileType = wrapper.application; includeInIndex = 0; path = MindGuard.app; sourceTree = BUILT_PRODUCTS_DIR; };
		FF20BC4829D3180100A0F8F5 /* MindGuardApp.swift */ = {isa = PBXFileReference; lastKnownFileType = sourcecode.swift; path = MindGuardApp.swift; sourceTree = "<group>"; };
		FF20BC4A29D3180100A0F8F5 /* MainView.swift */ = {isa = PBXFileReference; lastKnownFileType = sourcecode.swift; path = MainView.swift; sourceTree = "<group>"; };
		FF20BC4C29D3180200A0F8F5 /* Assets.xcassets */ = {isa = PBXFileReference; lastKnownFileType = folder.assetcatalog; path = Assets.xcassets; sourceTree = "<group>"; };
		FF20BC4F29D3180200A0F8F5 /* Preview Assets.xcassets */ = {isa = PBXFileReference; lastKnownFileType = folder.assetcatalog; path = "Preview Assets.xcassets"; sourceTree = "<group>"; };
		FF20BC5429D3192600A0F8F5 /* HitListView.swift */ = {isa = PBXFileReference; lastKnownFileType = sourcecode.swift; path = HitListView.swift; sourceTree = "<group>"; };
		FF20BC5629D31C2600A0F8F5 /* Coin.swift */ = {isa = PBXFileReference; fileEncoding = 4; lastKnownFileType = sourcecode.swift; path = Coin.swift; sourceTree = "<group>"; };
		FF20BC5929D31E7600A0F8F5 /* Info.plist */ = {isa = PBXFileReference; lastKnownFileType = text.plist; path = Info.plist; sourceTree = "<group>"; };
		FF20BC5A29D320B500A0F8F5 /* HitCell.swift */ = {isa = PBXFileReference; lastKnownFileType = sourcecode.swift; path = HitCell.swift; sourceTree = "<group>"; };
		FF2E387C29D46EC600A72C90 /* ChalkView.swift */ = {isa = PBXFileReference; lastKnownFileType = sourcecode.swift; path = ChalkView.swift; sourceTree = "<group>"; };
		FF2E38A029D475AE00A72C90 /* Cube.rcproject */ = {isa = PBXFileReference; lastKnownFileType = file.rcproject; path = Cube.rcproject; sourceTree = "<group>"; };
		FF32E62A29D47C0D00571ADE /* DepsychView.swift */ = {isa = PBXFileReference; lastKnownFileType = sourcecode.swift; path = DepsychView.swift; sourceTree = "<group>"; };
		FF68226F29CDAFB700A0ED3C /* ming */ = {isa = PBXFileReference; explicitFileType = "compiled.mach-o.executable"; includeInIndex = 0; path = ming; sourceTree = BUILT_PRODUCTS_DIR; };
		FF68228429CDB16300A0ED3C /* ming.cpp */ = {isa = PBXFileReference; fileEncoding = 4; lastKnownFileType = sourcecode.cpp.cpp; path = ming.cpp; sourceTree = "<group>"; };
		FF68228729CDCDF900A0ED3C /* antarctic.carrier */ = {isa = PBXFileReference; lastKnownFileType = file; path = antarctic.carrier; sourceTree = "<group>"; };
		FF68228829CDCDF900A0ED3C /* liberati.carrier */ = {isa = PBXFileReference; lastKnownFileType = file; path = liberati.carrier; sourceTree = "<group>"; };
		FF68228929CDCDF900A0ED3C /* unmetric.carrier */ = {isa = PBXFileReference; lastKnownFileType = file; path = unmetric.carrier; sourceTree = "<group>"; };
		FF68228A29CDCDF900A0ED3C /* belgian.carrier */ = {isa = PBXFileReference; lastKnownFileType = file; path = belgian.carrier; sourceTree = "<group>"; };
		FF68228B29CDCDF900A0ED3C /* brother.carrier */ = {isa = PBXFileReference; lastKnownFileType = file; path = brother.carrier; sourceTree = "<group>"; };
		FF68228C29CDCDF900A0ED3C /* beta.carrier */ = {isa = PBXFileReference; lastKnownFileType = file; path = beta.carrier; sourceTree = "<group>"; };
		FF68228D29CDCDF900A0ED3C /* reticulian.carrier */ = {isa = PBXFileReference; lastKnownFileType = file; path = reticulian.carrier; sourceTree = "<group>"; };
		FF68228E29CDCDF900A0ED3C /* tz8.carrier */ = {isa = PBXFileReference; lastKnownFileType = file; path = tz8.carrier; sourceTree = "<group>"; };
		FF68228F29CDCDF900A0ED3C /* kpsi.carrier */ = {isa = PBXFileReference; lastKnownFileType = file; path = kpsi.carrier; sourceTree = "<group>"; };
		FF68229029CDCDF900A0ED3C /* russel.carrier */ = {isa = PBXFileReference; lastKnownFileType = file; path = russel.carrier; sourceTree = "<group>"; };
		FF68229129CDCEDD00A0ED3C /* carrier.c */ = {isa = PBXFileReference; fileEncoding = 4; lastKnownFileType = sourcecode.c.c; path = carrier.c; sourceTree = "<group>"; };
		FF68229229CDCEDD00A0ED3C /* carrier.h */ = {isa = PBXFileReference; fileEncoding = 4; lastKnownFileType = sourcecode.c.h; path = carrier.h; sourceTree = "<group>"; };
		FF68229529CDD39300A0ED3C /* mindguard.c */ = {isa = PBXFileReference; fileEncoding = 4; lastKnownFileType = sourcecode.c.c; path = mindguard.c; sourceTree = "<group>"; };
		FF68229629CDD39300A0ED3C /* mindguard.h */ = {isa = PBXFileReference; fileEncoding = 4; lastKnownFileType = sourcecode.c.h; path = mindguard.h; sourceTree = "<group>"; };
		FF7EFAAA29D47E5F002DA633 /* DePsych.scnassets */ = {isa = PBXFileReference; lastKnownFileType = wrapper.scnassets; path = DePsych.scnassets; sourceTree = "<group>"; };
		FF7EFAAC29D481E9002DA633 /* HitMapView.swift */ = {isa = PBXFileReference; lastKnownFileType = sourcecode.swift; path = HitMapView.swift; sourceTree = "<group>"; };
		FF9C83EB2A0A8A72004A8FE6 /* libzapato.a */ = {isa = PBXFileReference; explicitFileType = archive.ar; includeInIndex = 0; path = libzapato.a; sourceTree = BUILT_PRODUCTS_DIR; };
		FF9C83F62A0A9363004A8FE6 /* zapato.h */ = {isa = PBXFileReference; fileEncoding = 4; lastKnownFileType = sourcecode.c.h; path = zapato.h; sourceTree = "<group>"; };
		FF9C83F72A0A9363004A8FE6 /* zapato.c */ = {isa = PBXFileReference; fileEncoding = 4; lastKnownFileType = sourcecode.c.c; path = zapato.c; sourceTree = "<group>"; };
		FFAA7D0C29D8765700AB9A0D /* PsIdentView.swift */ = {isa = PBXFileReference; lastKnownFileType = sourcecode.swift; path = PsIdentView.swift; sourceTree = "<group>"; };
/* End PBXFileReference section */

/* Begin PBXFrameworksBuildPhase section */
		FF20BC4329D3180100A0F8F5 /* Frameworks */ = {
			isa = PBXFrameworksBuildPhase;
			buildActionMask = 2147483647;
			files = (
				FF9C83F52A0A8A95004A8FE6 /* libzapato.a in Frameworks */,
			);
			runOnlyForDeploymentPostprocessing = 0;
		};
		FF68226C29CDAFB700A0ED3C /* Frameworks */ = {
			isa = PBXFrameworksBuildPhase;
			buildActionMask = 2147483647;
			files = (
			);
			runOnlyForDeploymentPostprocessing = 0;
		};
		FF9C83E82A0A8A72004A8FE6 /* Frameworks */ = {
			isa = PBXFrameworksBuildPhase;
			buildActionMask = 2147483647;
			files = (
			);
			runOnlyForDeploymentPostprocessing = 0;
		};
/* End PBXFrameworksBuildPhase section */

/* Begin PBXGroup section */
		FF20BC4729D3180100A0F8F5 /* MindGuard */ = {
			isa = PBXGroup;
			children = (
				FF20BC4829D3180100A0F8F5 /* MindGuardApp.swift */,
				FF20BC4A29D3180100A0F8F5 /* MainView.swift */,
				FF2E387C29D46EC600A72C90 /* ChalkView.swift */,
				FF32E62A29D47C0D00571ADE /* DepsychView.swift */,
				FF7EFAAC29D481E9002DA633 /* HitMapView.swift */,
				FF20BC5429D3192600A0F8F5 /* HitListView.swift */,
				FFAA7D0C29D8765700AB9A0D /* PsIdentView.swift */,
				FF20BC5A29D320B500A0F8F5 /* HitCell.swift */,
				FF20BC5829D31C2A00A0F8F5 /* Model */,
				FF20BC4C29D3180200A0F8F5 /* Assets.xcassets */,
				FF7EFAAA29D47E5F002DA633 /* DePsych.scnassets */,
				FF2E38A029D475AE00A72C90 /* Cube.rcproject */,
				FF20BC5929D31E7600A0F8F5 /* Info.plist */,
				FF20BC4E29D3180200A0F8F5 /* Preview Content */,
			);
			path = MindGuard;
			sourceTree = "<group>";
		};
		FF20BC4E29D3180200A0F8F5 /* Preview Content */ = {
			isa = PBXGroup;
			children = (
				FF20BC4F29D3180200A0F8F5 /* Preview Assets.xcassets */,
			);
			path = "Preview Content";
			sourceTree = "<group>";
		};
		FF20BC5829D31C2A00A0F8F5 /* Model */ = {
			isa = PBXGroup;
			children = (
				FF20BC5629D31C2600A0F8F5 /* Coin.swift */,
			);
			path = Model;
			sourceTree = "<group>";
		};
		FF68226429CDABE700A0ED3C = {
			isa = PBXGroup;
			children = (
				FF20BC4729D3180100A0F8F5 /* MindGuard */,
				FF68228329CDB16300A0ED3C /* zapato */,
				FF68227029CDAFB700A0ED3C /* Products */,
				FF68227F29CDB01300A0ED3C /* Frameworks */,
			);
			sourceTree = "<group>";
		};
		FF68227029CDAFB700A0ED3C /* Products */ = {
			isa = PBXGroup;
			children = (
				FF68226F29CDAFB700A0ED3C /* ming */,
				FF20BC4629D3180100A0F8F5 /* MindGuard.app */,
				FF9C83EB2A0A8A72004A8FE6 /* libzapato.a */,
			);
			name = Products;
			sourceTree = "<group>";
		};
		FF68227F29CDB01300A0ED3C /* Frameworks */ = {
			isa = PBXGroup;
			children = (
			);
			name = Frameworks;
			sourceTree = "<group>";
		};
		FF68228329CDB16300A0ED3C /* zapato */ = {
			isa = PBXGroup;
			children = (
				FF68228429CDB16300A0ED3C /* ming.cpp */,
				FF68229129CDCEDD00A0ED3C /* carrier.c */,
				FF68229229CDCEDD00A0ED3C /* carrier.h */,
				FF9C83F72A0A9363004A8FE6 /* zapato.c */,
				FF9C83F62A0A9363004A8FE6 /* zapato.h */,
				FF68229529CDD39300A0ED3C /* mindguard.c */,
				FF68229629CDD39300A0ED3C /* mindguard.h */,
				FF68228629CDCDF900A0ED3C /* carriers */,
				FF20BC4129D3150700A0F8F5 /* docs */,
			);
			path = zapato;
			sourceTree = "<group>";
		};
		FF68228629CDCDF900A0ED3C /* carriers */ = {
			isa = PBXGroup;
			children = (
				FF68228729CDCDF900A0ED3C /* antarctic.carrier */,
				FF68228829CDCDF900A0ED3C /* liberati.carrier */,
				FF68228929CDCDF900A0ED3C /* unmetric.carrier */,
				FF68228A29CDCDF900A0ED3C /* belgian.carrier */,
				FF68228B29CDCDF900A0ED3C /* brother.carrier */,
				FF68228C29CDCDF900A0ED3C /* beta.carrier */,
				FF68228D29CDCDF900A0ED3C /* reticulian.carrier */,
				FF68228E29CDCDF900A0ED3C /* tz8.carrier */,
				FF68228F29CDCDF900A0ED3C /* kpsi.carrier */,
				FF68229029CDCDF900A0ED3C /* russel.carrier */,
			);
			path = carriers;
			sourceTree = "<group>";
		};
/* End PBXGroup section */

/* Begin PBXNativeTarget section */
		FF20BC4529D3180100A0F8F5 /* MindGuard */ = {
			isa = PBXNativeTarget;
			buildConfigurationList = FF20BC5129D3180200A0F8F5 /* Build configuration list for PBXNativeTarget "MindGuard" */;
			buildPhases = (
				FF20BC4229D3180100A0F8F5 /* Sources */,
				FF20BC4329D3180100A0F8F5 /* Frameworks */,
				FF20BC4429D3180100A0F8F5 /* Resources */,
			);
			buildRules = (
			);
			dependencies = (
			);
			name = MindGuard;
			productName = MindGuard;
			productReference = FF20BC4629D3180100A0F8F5 /* MindGuard.app */;
			productType = "com.apple.product-type.application";
		};
		FF68226E29CDAFB700A0ED3C /* ming */ = {
			isa = PBXNativeTarget;
			buildConfigurationList = FF68227429CDAFB700A0ED3C /* Build configuration list for PBXNativeTarget "ming" */;
			buildPhases = (
				FF68226B29CDAFB700A0ED3C /* Sources */,
				FF68226C29CDAFB700A0ED3C /* Frameworks */,
				FF68226D29CDAFB700A0ED3C /* CopyFiles */,
			);
			buildRules = (
			);
			dependencies = (
			);
			name = ming;
			productName = ming;
			productReference = FF68226F29CDAFB700A0ED3C /* ming */;
			productType = "com.apple.product-type.tool";
		};
		FF9C83EA2A0A8A72004A8FE6 /* zapato */ = {
			isa = PBXNativeTarget;
			buildConfigurationList = FF9C83F12A0A8A72004A8FE6 /* Build configuration list for PBXNativeTarget "zapato" */;
			buildPhases = (
				FF9C83E72A0A8A72004A8FE6 /* Sources */,
				FF9C83E82A0A8A72004A8FE6 /* Frameworks */,
				FF9C83E92A0A8A72004A8FE6 /* CopyFiles */,
			);
			buildRules = (
			);
			dependencies = (
			);
			name = zapato;
			productName = zapato;
			productReference = FF9C83EB2A0A8A72004A8FE6 /* libzapato.a */;
			productType = "com.apple.product-type.library.static";
		};
/* End PBXNativeTarget section */

/* Begin PBXProject section */
		FF68226529CDABE700A0ED3C /* Project object */ = {
			isa = PBXProject;
			attributes = {
				BuildIndependentTargetsInParallel = 1;
				LastSwiftUpdateCheck = 1420;
				LastUpgradeCheck = 1430;
				TargetAttributes = {
					FF20BC4529D3180100A0F8F5 = {
						CreatedOnToolsVersion = 14.2;
					};
					FF68226E29CDAFB700A0ED3C = {
						CreatedOnToolsVersion = 14.2;
					};
					FF9C83EA2A0A8A72004A8FE6 = {
						CreatedOnToolsVersion = 14.3;
					};
				};
			};
			buildConfigurationList = FF68226829CDABE700A0ED3C /* Build configuration list for PBXProject "MindGuard" */;
			compatibilityVersion = "Xcode 14.0";
			developmentRegion = en;
			hasScannedForEncodings = 0;
			knownRegions = (
				en,
				Base,
			);
			mainGroup = FF68226429CDABE700A0ED3C;
			productRefGroup = FF68227029CDAFB700A0ED3C /* Products */;
			projectDirPath = "";
			projectRoot = "";
			targets = (
				FF20BC4529D3180100A0F8F5 /* MindGuard */,
				FF68226E29CDAFB700A0ED3C /* ming */,
				FF9C83EA2A0A8A72004A8FE6 /* zapato */,
			);
		};
/* End PBXProject section */

/* Begin PBXResourcesBuildPhase section */
		FF20BC4429D3180100A0F8F5 /* Resources */ = {
			isa = PBXResourcesBuildPhase;
			buildActionMask = 2147483647;
			files = (
				FF20BC5029D3180200A0F8F5 /* Preview Assets.xcassets in Resources */,
				FF7EFAAB29D47E5F002DA633 /* DePsych.scnassets in Resources */,
				FF20BC4D29D3180200A0F8F5 /* Assets.xcassets in Resources */,
			);
			runOnlyForDeploymentPostprocessing = 0;
		};
/* End PBXResourcesBuildPhase section */

/* Begin PBXSourcesBuildPhase section */
		FF20BC4229D3180100A0F8F5 /* Sources */ = {
			isa = PBXSourcesBuildPhase;
			buildActionMask = 2147483647;
			files = (
				FF7EFAAD29D481E9002DA633 /* HitMapView.swift in Sources */,
				FF20BC5B29D320B500A0F8F5 /* HitCell.swift in Sources */,
				FF20BC5529D3192600A0F8F5 /* HitListView.swift in Sources */,
				FF2E387D29D46EC600A72C90 /* ChalkView.swift in Sources */,
				FFAA7D0D29D8765700AB9A0D /* PsIdentView.swift in Sources */,
				FF20BC4B29D3180100A0F8F5 /* MainView.swift in Sources */,
				FF20BC5729D31C2600A0F8F5 /* Coin.swift in Sources */,
				FF2E38A129D475AE00A72C90 /* Cube.rcproject in Sources */,
				FF20BC4929D3180100A0F8F5 /* MindGuardApp.swift in Sources */,
				FF32E62B29D47C0D00571ADE /* DepsychView.swift in Sources */,
			);
			runOnlyForDeploymentPostprocessing = 0;
		};
		FF68226B29CDAFB700A0ED3C /* Sources */ = {
			isa = PBXSourcesBuildPhase;
			buildActionMask = 2147483647;
			files = (
				FF20BC4029D314DA00A0F8F5 /* ming.cpp in Sources */,
				FF9C83F92A0A9761004A8FE6 /* zapato.c in Sources */,
				FF9C83E62A0A8A28004A8FE6 /* carrier.c in Sources */,
			);
			runOnlyForDeploymentPostprocessing = 0;
		};
		FF9C83E72A0A8A72004A8FE6 /* Sources */ = {
			isa = PBXSourcesBuildPhase;
			buildActionMask = 2147483647;
			files = (
				FF9C83F82A0A9363004A8FE6 /* zapato.c in Sources */,
			);
			runOnlyForDeploymentPostprocessing = 0;
		};
/* End PBXSourcesBuildPhase section */

/* Begin XCBuildConfiguration section */
		FF20BC5229D3180200A0F8F5 /* Debug */ = {
			isa = XCBuildConfiguration;
			buildSettings = {
				ALWAYS_SEARCH_USER_PATHS = NO;
				ASSETCATALOG_COMPILER_APPICON_NAME = AppIcon;
				ASSETCATALOG_COMPILER_GLOBAL_ACCENT_COLOR_NAME = AccentColor;
				CLANG_ANALYZER_NONNULL = YES;
				CLANG_ANALYZER_NUMBER_OBJECT_CONVERSION = YES_AGGRESSIVE;
				CLANG_CXX_LANGUAGE_STANDARD = "gnu++20";
				CLANG_ENABLE_MODULES = YES;
				CLANG_ENABLE_OBJC_ARC = YES;
				CLANG_ENABLE_OBJC_WEAK = YES;
				CLANG_WARN_BLOCK_CAPTURE_AUTORELEASING = YES;
				CLANG_WARN_BOOL_CONVERSION = YES;
				CLANG_WARN_COMMA = YES;
				CLANG_WARN_CONSTANT_CONVERSION = YES;
				CLANG_WARN_DEPRECATED_OBJC_IMPLEMENTATIONS = YES;
				CLANG_WARN_DIRECT_OBJC_ISA_USAGE = YES_ERROR;
				CLANG_WARN_DOCUMENTATION_COMMENTS = YES;
				CLANG_WARN_EMPTY_BODY = YES;
				CLANG_WARN_ENUM_CONVERSION = YES;
				CLANG_WARN_INFINITE_RECURSION = YES;
				CLANG_WARN_INT_CONVERSION = YES;
				CLANG_WARN_NON_LITERAL_NULL_CONVERSION = YES;
				CLANG_WARN_OBJC_IMPLICIT_RETAIN_SELF = YES;
				CLANG_WARN_OBJC_LITERAL_CONVERSION = YES;
				CLANG_WARN_OBJC_ROOT_CLASS = YES_ERROR;
				CLANG_WARN_QUOTED_INCLUDE_IN_FRAMEWORK_HEADER = YES;
				CLANG_WARN_RANGE_LOOP_ANALYSIS = YES;
				CLANG_WARN_STRICT_PROTOTYPES = YES;
				CLANG_WARN_SUSPICIOUS_MOVE = YES;
				CLANG_WARN_UNGUARDED_AVAILABILITY = YES_AGGRESSIVE;
				CLANG_WARN_UNREACHABLE_CODE = YES;
				CLANG_WARN__DUPLICATE_METHOD_MATCH = YES;
				CODE_SIGN_STYLE = Automatic;
				COPY_PHASE_STRIP = NO;
				CURRENT_PROJECT_VERSION = 1;
				DEBUG_INFORMATION_FORMAT = dwarf;
				DEVELOPMENT_ASSET_PATHS = "\"MindGuard/Preview Content\"";
				DEVELOPMENT_TEAM = 5F9CYF5K3F;
				ENABLE_PREVIEWS = YES;
				ENABLE_STRICT_OBJC_MSGSEND = YES;
				ENABLE_TESTABILITY = YES;
				GCC_C_LANGUAGE_STANDARD = gnu11;
				GCC_DYNAMIC_NO_PIC = NO;
				GCC_NO_COMMON_BLOCKS = YES;
				GCC_OPTIMIZATION_LEVEL = 0;
				GCC_PREPROCESSOR_DEFINITIONS = (
					"DEBUG=1",
					"$(inherited)",
				);
				GCC_WARN_64_TO_32_BIT_CONVERSION = YES;
				GCC_WARN_ABOUT_RETURN_TYPE = YES_ERROR;
				GCC_WARN_UNDECLARED_SELECTOR = YES;
				GCC_WARN_UNINITIALIZED_AUTOS = YES_AGGRESSIVE;
				GCC_WARN_UNUSED_FUNCTION = YES;
				GCC_WARN_UNUSED_VARIABLE = YES;
				GENERATE_INFOPLIST_FILE = YES;
				INFOPLIST_FILE = MindGuard/Info.plist;
				INFOPLIST_KEY_NSCameraUsageDescription = "Gimme Camera";
				INFOPLIST_KEY_UIApplicationSupportsIndirectInputEvents = YES;
				INFOPLIST_KEY_UILaunchScreen_Generation = YES;
				INFOPLIST_KEY_UISupportedInterfaceOrientations_iPad = "UIInterfaceOrientationPortrait UIInterfaceOrientationPortraitUpsideDown UIInterfaceOrientationLandscapeLeft UIInterfaceOrientationLandscapeRight";
				INFOPLIST_KEY_UISupportedInterfaceOrientations_iPhone = "UIInterfaceOrientationPortrait UIInterfaceOrientationLandscapeLeft UIInterfaceOrientationLandscapeRight";
				IPHONEOS_DEPLOYMENT_TARGET = 16.0;
				LD_RUNPATH_SEARCH_PATHS = (
					"$(inherited)",
					"@executable_path/Frameworks",
				);
				MARKETING_VERSION = 1.0;
				MTL_ENABLE_DEBUG_INFO = INCLUDE_SOURCE;
				MTL_FAST_MATH = YES;
				ONLY_ACTIVE_ARCH = YES;
				PRODUCT_BUNDLE_IDENTIFIER = mobi.dogstar.MindGuard;
				PRODUCT_NAME = "$(TARGET_NAME)";
				SDKROOT = iphoneos;
				SWIFT_ACTIVE_COMPILATION_CONDITIONS = DEBUG;
				SWIFT_EMIT_LOC_STRINGS = YES;
				SWIFT_OBJC_BRIDGING_HEADER = zapato/zapato.h;
				SWIFT_OPTIMIZATION_LEVEL = "-Onone";
				SWIFT_VERSION = 5.0;
				TARGETED_DEVICE_FAMILY = "1,2";
			};
			name = Debug;
		};
		FF20BC5329D3180200A0F8F5 /* Release */ = {
			isa = XCBuildConfiguration;
			buildSettings = {
				ALWAYS_SEARCH_USER_PATHS = NO;
				ASSETCATALOG_COMPILER_APPICON_NAME = AppIcon;
				ASSETCATALOG_COMPILER_GLOBAL_ACCENT_COLOR_NAME = AccentColor;
				CLANG_ANALYZER_NONNULL = YES;
				CLANG_ANALYZER_NUMBER_OBJECT_CONVERSION = YES_AGGRESSIVE;
				CLANG_CXX_LANGUAGE_STANDARD = "gnu++20";
				CLANG_ENABLE_MODULES = YES;
				CLANG_ENABLE_OBJC_ARC = YES;
				CLANG_ENABLE_OBJC_WEAK = YES;
				CLANG_WARN_BLOCK_CAPTURE_AUTORELEASING = YES;
				CLANG_WARN_BOOL_CONVERSION = YES;
				CLANG_WARN_COMMA = YES;
				CLANG_WARN_CONSTANT_CONVERSION = YES;
				CLANG_WARN_DEPRECATED_OBJC_IMPLEMENTATIONS = YES;
				CLANG_WARN_DIRECT_OBJC_ISA_USAGE = YES_ERROR;
				CLANG_WARN_DOCUMENTATION_COMMENTS = YES;
				CLANG_WARN_EMPTY_BODY = YES;
				CLANG_WARN_ENUM_CONVERSION = YES;
				CLANG_WARN_INFINITE_RECURSION = YES;
				CLANG_WARN_INT_CONVERSION = YES;
				CLANG_WARN_NON_LITERAL_NULL_CONVERSION = YES;
				CLANG_WARN_OBJC_IMPLICIT_RETAIN_SELF = YES;
				CLANG_WARN_OBJC_LITERAL_CONVERSION = YES;
				CLANG_WARN_OBJC_ROOT_CLASS = YES_ERROR;
				CLANG_WARN_QUOTED_INCLUDE_IN_FRAMEWORK_HEADER = YES;
				CLANG_WARN_RANGE_LOOP_ANALYSIS = YES;
				CLANG_WARN_STRICT_PROTOTYPES = YES;
				CLANG_WARN_SUSPICIOUS_MOVE = YES;
				CLANG_WARN_UNGUARDED_AVAILABILITY = YES_AGGRESSIVE;
				CLANG_WARN_UNREACHABLE_CODE = YES;
				CLANG_WARN__DUPLICATE_METHOD_MATCH = YES;
				CODE_SIGN_STYLE = Automatic;
				COPY_PHASE_STRIP = NO;
				CURRENT_PROJECT_VERSION = 1;
				DEBUG_INFORMATION_FORMAT = "dwarf-with-dsym";
				DEVELOPMENT_ASSET_PATHS = "\"MindGuard/Preview Content\"";
				DEVELOPMENT_TEAM = 5F9CYF5K3F;
				ENABLE_NS_ASSERTIONS = NO;
				ENABLE_PREVIEWS = YES;
				ENABLE_STRICT_OBJC_MSGSEND = YES;
				GCC_C_LANGUAGE_STANDARD = gnu11;
				GCC_NO_COMMON_BLOCKS = YES;
				GCC_WARN_64_TO_32_BIT_CONVERSION = YES;
				GCC_WARN_ABOUT_RETURN_TYPE = YES_ERROR;
				GCC_WARN_UNDECLARED_SELECTOR = YES;
				GCC_WARN_UNINITIALIZED_AUTOS = YES_AGGRESSIVE;
				GCC_WARN_UNUSED_FUNCTION = YES;
				GCC_WARN_UNUSED_VARIABLE = YES;
				GENERATE_INFOPLIST_FILE = YES;
				INFOPLIST_FILE = MindGuard/Info.plist;
				INFOPLIST_KEY_NSCameraUsageDescription = "Gimme Camera";
				INFOPLIST_KEY_UIApplicationSupportsIndirectInputEvents = YES;
				INFOPLIST_KEY_UILaunchScreen_Generation = YES;
				INFOPLIST_KEY_UISupportedInterfaceOrientations_iPad = "UIInterfaceOrientationPortrait UIInterfaceOrientationPortraitUpsideDown UIInterfaceOrientationLandscapeLeft UIInterfaceOrientationLandscapeRight";
				INFOPLIST_KEY_UISupportedInterfaceOrientations_iPhone = "UIInterfaceOrientationPortrait UIInterfaceOrientationLandscapeLeft UIInterfaceOrientationLandscapeRight";
				IPHONEOS_DEPLOYMENT_TARGET = 16.0;
				LD_RUNPATH_SEARCH_PATHS = (
					"$(inherited)",
					"@executable_path/Frameworks",
				);
				MARKETING_VERSION = 1.0;
				MTL_ENABLE_DEBUG_INFO = NO;
				MTL_FAST_MATH = YES;
				PRODUCT_BUNDLE_IDENTIFIER = mobi.dogstar.MindGuard;
				PRODUCT_NAME = "$(TARGET_NAME)";
				SDKROOT = iphoneos;
				SWIFT_COMPILATION_MODE = wholemodule;
				SWIFT_EMIT_LOC_STRINGS = YES;
				SWIFT_OBJC_BRIDGING_HEADER = zapato/zapato.h;
				SWIFT_OPTIMIZATION_LEVEL = "-O";
				SWIFT_VERSION = 5.0;
				TARGETED_DEVICE_FAMILY = "1,2";
				VALIDATE_PRODUCT = YES;
			};
			name = Release;
		};
		FF68226929CDABE700A0ED3C /* Debug */ = {
			isa = XCBuildConfiguration;
			buildSettings = {
				CLANG_WARN_BLOCK_CAPTURE_AUTORELEASING = YES;
				CLANG_WARN_BOOL_CONVERSION = YES;
				CLANG_WARN_COMMA = YES;
				CLANG_WARN_CONSTANT_CONVERSION = YES;
				CLANG_WARN_DEPRECATED_OBJC_IMPLEMENTATIONS = YES;
				CLANG_WARN_EMPTY_BODY = YES;
				CLANG_WARN_ENUM_CONVERSION = YES;
				CLANG_WARN_INFINITE_RECURSION = YES;
				CLANG_WARN_INT_CONVERSION = YES;
				CLANG_WARN_NON_LITERAL_NULL_CONVERSION = YES;
				CLANG_WARN_OBJC_IMPLICIT_RETAIN_SELF = YES;
				CLANG_WARN_OBJC_LITERAL_CONVERSION = YES;
				CLANG_WARN_QUOTED_INCLUDE_IN_FRAMEWORK_HEADER = YES;
				CLANG_WARN_RANGE_LOOP_ANALYSIS = YES;
				CLANG_WARN_STRICT_PROTOTYPES = YES;
				CLANG_WARN_SUSPICIOUS_MOVE = YES;
				CLANG_WARN_UNREACHABLE_CODE = YES;
				CLANG_WARN__DUPLICATE_METHOD_MATCH = YES;
				DEAD_CODE_STRIPPING = YES;
				ENABLE_STRICT_OBJC_MSGSEND = YES;
				ENABLE_TESTABILITY = YES;
				GCC_NO_COMMON_BLOCKS = YES;
				GCC_WARN_64_TO_32_BIT_CONVERSION = YES;
				GCC_WARN_ABOUT_RETURN_TYPE = YES;
				GCC_WARN_UNDECLARED_SELECTOR = YES;
				GCC_WARN_UNINITIALIZED_AUTOS = YES;
				GCC_WARN_UNUSED_FUNCTION = YES;
				GCC_WARN_UNUSED_VARIABLE = YES;
				ONLY_ACTIVE_ARCH = YES;
			};
			name = Debug;
		};
		FF68226A29CDABE700A0ED3C /* Release */ = {
			isa = XCBuildConfiguration;
			buildSettings = {
				CLANG_WARN_BLOCK_CAPTURE_AUTORELEASING = YES;
				CLANG_WARN_BOOL_CONVERSION = YES;
				CLANG_WARN_COMMA = YES;
				CLANG_WARN_CONSTANT_CONVERSION = YES;
				CLANG_WARN_DEPRECATED_OBJC_IMPLEMENTATIONS = YES;
				CLANG_WARN_EMPTY_BODY = YES;
				CLANG_WARN_ENUM_CONVERSION = YES;
				CLANG_WARN_INFINITE_RECURSION = YES;
				CLANG_WARN_INT_CONVERSION = YES;
				CLANG_WARN_NON_LITERAL_NULL_CONVERSION = YES;
				CLANG_WARN_OBJC_IMPLICIT_RETAIN_SELF = YES;
				CLANG_WARN_OBJC_LITERAL_CONVERSION = YES;
				CLANG_WARN_QUOTED_INCLUDE_IN_FRAMEWORK_HEADER = YES;
				CLANG_WARN_RANGE_LOOP_ANALYSIS = YES;
				CLANG_WARN_STRICT_PROTOTYPES = YES;
				CLANG_WARN_SUSPICIOUS_MOVE = YES;
				CLANG_WARN_UNREACHABLE_CODE = YES;
				CLANG_WARN__DUPLICATE_METHOD_MATCH = YES;
				DEAD_CODE_STRIPPING = YES;
				ENABLE_STRICT_OBJC_MSGSEND = YES;
				GCC_NO_COMMON_BLOCKS = YES;
				GCC_WARN_64_TO_32_BIT_CONVERSION = YES;
				GCC_WARN_ABOUT_RETURN_TYPE = YES;
				GCC_WARN_UNDECLARED_SELECTOR = YES;
				GCC_WARN_UNINITIALIZED_AUTOS = YES;
				GCC_WARN_UNUSED_FUNCTION = YES;
				GCC_WARN_UNUSED_VARIABLE = YES;
				SWIFT_COMPILATION_MODE = wholemodule;
			};
			name = Release;
		};
		FF68227529CDAFB700A0ED3C /* Debug */ = {
			isa = XCBuildConfiguration;
			buildSettings = {
				ALWAYS_SEARCH_USER_PATHS = NO;
				CLANG_ANALYZER_NONNULL = YES;
				CLANG_ANALYZER_NUMBER_OBJECT_CONVERSION = YES_AGGRESSIVE;
				CLANG_CXX_LANGUAGE_STANDARD = "gnu++20";
				CLANG_ENABLE_MODULES = YES;
				CLANG_ENABLE_OBJC_ARC = YES;
				CLANG_ENABLE_OBJC_WEAK = YES;
				CLANG_WARN_BLOCK_CAPTURE_AUTORELEASING = YES;
				CLANG_WARN_BOOL_CONVERSION = YES;
				CLANG_WARN_COMMA = YES;
				CLANG_WARN_CONSTANT_CONVERSION = YES;
				CLANG_WARN_DEPRECATED_OBJC_IMPLEMENTATIONS = YES;
				CLANG_WARN_DIRECT_OBJC_ISA_USAGE = YES_ERROR;
				CLANG_WARN_DOCUMENTATION_COMMENTS = YES;
				CLANG_WARN_EMPTY_BODY = YES;
				CLANG_WARN_ENUM_CONVERSION = YES;
				CLANG_WARN_INFINITE_RECURSION = YES;
				CLANG_WARN_INT_CONVERSION = YES;
				CLANG_WARN_NON_LITERAL_NULL_CONVERSION = YES;
				CLANG_WARN_OBJC_IMPLICIT_RETAIN_SELF = YES;
				CLANG_WARN_OBJC_LITERAL_CONVERSION = YES;
				CLANG_WARN_OBJC_ROOT_CLASS = YES_ERROR;
				CLANG_WARN_QUOTED_INCLUDE_IN_FRAMEWORK_HEADER = YES;
				CLANG_WARN_RANGE_LOOP_ANALYSIS = YES;
				CLANG_WARN_STRICT_PROTOTYPES = YES;
				CLANG_WARN_SUSPICIOUS_MOVE = YES;
				CLANG_WARN_UNGUARDED_AVAILABILITY = YES_AGGRESSIVE;
				CLANG_WARN_UNREACHABLE_CODE = YES;
				CLANG_WARN__DUPLICATE_METHOD_MATCH = YES;
				CODE_SIGN_STYLE = Automatic;
				COPY_PHASE_STRIP = NO;
				DEAD_CODE_STRIPPING = YES;
				DEBUG_INFORMATION_FORMAT = dwarf;
				DEVELOPMENT_TEAM = 5F9CYF5K3F;
				ENABLE_HARDENED_RUNTIME = YES;
				ENABLE_STRICT_OBJC_MSGSEND = YES;
				ENABLE_TESTABILITY = YES;
				GCC_C_LANGUAGE_STANDARD = gnu11;
				GCC_DYNAMIC_NO_PIC = NO;
				GCC_NO_COMMON_BLOCKS = YES;
				GCC_OPTIMIZATION_LEVEL = 0;
				GCC_PREPROCESSOR_DEFINITIONS = (
					"DEBUG=1",
					"$(inherited)",
				);
				GCC_WARN_64_TO_32_BIT_CONVERSION = YES;
				GCC_WARN_ABOUT_RETURN_TYPE = YES_ERROR;
				GCC_WARN_UNDECLARED_SELECTOR = YES;
				GCC_WARN_UNINITIALIZED_AUTOS = YES_AGGRESSIVE;
				GCC_WARN_UNUSED_FUNCTION = YES;
				GCC_WARN_UNUSED_VARIABLE = YES;
				MACOSX_DEPLOYMENT_TARGET = 11.0;
				MTL_ENABLE_DEBUG_INFO = INCLUDE_SOURCE;
				MTL_FAST_MATH = YES;
				ONLY_ACTIVE_ARCH = YES;
				PRODUCT_NAME = "$(TARGET_NAME)";
				SDKROOT = macosx;
			};
			name = Debug;
		};
		FF68227629CDAFB700A0ED3C /* Release */ = {
			isa = XCBuildConfiguration;
			buildSettings = {
				ALWAYS_SEARCH_USER_PATHS = NO;
				CLANG_ANALYZER_NONNULL = YES;
				CLANG_ANALYZER_NUMBER_OBJECT_CONVERSION = YES_AGGRESSIVE;
				CLANG_CXX_LANGUAGE_STANDARD = "gnu++20";
				CLANG_ENABLE_MODULES = YES;
				CLANG_ENABLE_OBJC_ARC = YES;
				CLANG_ENABLE_OBJC_WEAK = YES;
				CLANG_WARN_BLOCK_CAPTURE_AUTORELEASING = YES;
				CLANG_WARN_BOOL_CONVERSION = YES;
				CLANG_WARN_COMMA = YES;
				CLANG_WARN_CONSTANT_CONVERSION = YES;
				CLANG_WARN_DEPRECATED_OBJC_IMPLEMENTATIONS = YES;
				CLANG_WARN_DIRECT_OBJC_ISA_USAGE = YES_ERROR;
				CLANG_WARN_DOCUMENTATION_COMMENTS = YES;
				CLANG_WARN_EMPTY_BODY = YES;
				CLANG_WARN_ENUM_CONVERSION = YES;
				CLANG_WARN_INFINITE_RECURSION = YES;
				CLANG_WARN_INT_CONVERSION = YES;
				CLANG_WARN_NON_LITERAL_NULL_CONVERSION = YES;
				CLANG_WARN_OBJC_IMPLICIT_RETAIN_SELF = YES;
				CLANG_WARN_OBJC_LITERAL_CONVERSION = YES;
				CLANG_WARN_OBJC_ROOT_CLASS = YES_ERROR;
				CLANG_WARN_QUOTED_INCLUDE_IN_FRAMEWORK_HEADER = YES;
				CLANG_WARN_RANGE_LOOP_ANALYSIS = YES;
				CLANG_WARN_STRICT_PROTOTYPES = YES;
				CLANG_WARN_SUSPICIOUS_MOVE = YES;
				CLANG_WARN_UNGUARDED_AVAILABILITY = YES_AGGRESSIVE;
				CLANG_WARN_UNREACHABLE_CODE = YES;
				CLANG_WARN__DUPLICATE_METHOD_MATCH = YES;
				CODE_SIGN_STYLE = Automatic;
				COPY_PHASE_STRIP = NO;
				DEAD_CODE_STRIPPING = YES;
				DEBUG_INFORMATION_FORMAT = "dwarf-with-dsym";
				DEVELOPMENT_TEAM = 5F9CYF5K3F;
				ENABLE_HARDENED_RUNTIME = YES;
				ENABLE_NS_ASSERTIONS = NO;
				ENABLE_STRICT_OBJC_MSGSEND = YES;
				GCC_C_LANGUAGE_STANDARD = gnu11;
				GCC_NO_COMMON_BLOCKS = YES;
				GCC_WARN_64_TO_32_BIT_CONVERSION = YES;
				GCC_WARN_ABOUT_RETURN_TYPE = YES_ERROR;
				GCC_WARN_UNDECLARED_SELECTOR = YES;
				GCC_WARN_UNINITIALIZED_AUTOS = YES_AGGRESSIVE;
				GCC_WARN_UNUSED_FUNCTION = YES;
				GCC_WARN_UNUSED_VARIABLE = YES;
				MACOSX_DEPLOYMENT_TARGET = 11.0;
				MTL_ENABLE_DEBUG_INFO = NO;
				MTL_FAST_MATH = YES;
				PRODUCT_NAME = "$(TARGET_NAME)";
				SDKROOT = macosx;
			};
			name = Release;
		};
		FF9C83F22A0A8A72004A8FE6 /* Debug */ = {
			isa = XCBuildConfiguration;
			buildSettings = {
				ALWAYS_SEARCH_USER_PATHS = NO;
				CLANG_ANALYZER_NONNULL = YES;
				CLANG_ANALYZER_NUMBER_OBJECT_CONVERSION = YES_AGGRESSIVE;
				CLANG_CXX_LANGUAGE_STANDARD = "gnu++20";
				CLANG_ENABLE_MODULES = YES;
				CLANG_ENABLE_OBJC_ARC = YES;
				CLANG_ENABLE_OBJC_WEAK = YES;
				CLANG_WARN_DIRECT_OBJC_ISA_USAGE = YES_ERROR;
				CLANG_WARN_DOCUMENTATION_COMMENTS = YES;
				CLANG_WARN_OBJC_ROOT_CLASS = YES_ERROR;
				CLANG_WARN_UNGUARDED_AVAILABILITY = YES_AGGRESSIVE;
				CODE_SIGN_STYLE = Automatic;
				COPY_PHASE_STRIP = NO;
				DEBUG_INFORMATION_FORMAT = dwarf;
				DEVELOPMENT_TEAM = 5F9CYF5K3F;
				GCC_C_LANGUAGE_STANDARD = gnu11;
				GCC_DYNAMIC_NO_PIC = NO;
				GCC_OPTIMIZATION_LEVEL = 0;
				GCC_PREPROCESSOR_DEFINITIONS = (
					"DEBUG=1",
					"$(inherited)",
				);
				GCC_WARN_ABOUT_RETURN_TYPE = YES_ERROR;
				GCC_WARN_UNINITIALIZED_AUTOS = YES_AGGRESSIVE;
				IPHONEOS_DEPLOYMENT_TARGET = 16.0;
				MTL_ENABLE_DEBUG_INFO = INCLUDE_SOURCE;
				MTL_FAST_MATH = YES;
				OTHER_LDFLAGS = "-ObjC";
				PRODUCT_NAME = "$(TARGET_NAME)";
				SDKROOT = iphoneos;
				SKIP_INSTALL = YES;
				TARGETED_DEVICE_FAMILY = "1,2";
			};
			name = Debug;
		};
		FF9C83F32A0A8A72004A8FE6 /* Release */ = {
			isa = XCBuildConfiguration;
			buildSettings = {
				ALWAYS_SEARCH_USER_PATHS = NO;
				CLANG_ANALYZER_NONNULL = YES;
				CLANG_ANALYZER_NUMBER_OBJECT_CONVERSION = YES_AGGRESSIVE;
				CLANG_CXX_LANGUAGE_STANDARD = "gnu++20";
				CLANG_ENABLE_MODULES = YES;
				CLANG_ENABLE_OBJC_ARC = YES;
				CLANG_ENABLE_OBJC_WEAK = YES;
				CLANG_WARN_DIRECT_OBJC_ISA_USAGE = YES_ERROR;
				CLANG_WARN_DOCUMENTATION_COMMENTS = YES;
				CLANG_WARN_OBJC_ROOT_CLASS = YES_ERROR;
				CLANG_WARN_UNGUARDED_AVAILABILITY = YES_AGGRESSIVE;
				CODE_SIGN_STYLE = Automatic;
				COPY_PHASE_STRIP = NO;
				DEBUG_INFORMATION_FORMAT = "dwarf-with-dsym";
				DEVELOPMENT_TEAM = 5F9CYF5K3F;
				ENABLE_NS_ASSERTIONS = NO;
				GCC_C_LANGUAGE_STANDARD = gnu11;
				GCC_WARN_ABOUT_RETURN_TYPE = YES_ERROR;
				GCC_WARN_UNINITIALIZED_AUTOS = YES_AGGRESSIVE;
				IPHONEOS_DEPLOYMENT_TARGET = 16.0;
				MTL_ENABLE_DEBUG_INFO = NO;
				MTL_FAST_MATH = YES;
				OTHER_LDFLAGS = "-ObjC";
				PRODUCT_NAME = "$(TARGET_NAME)";
				SDKROOT = iphoneos;
				SKIP_INSTALL = YES;
				TARGETED_DEVICE_FAMILY = "1,2";
				VALIDATE_PRODUCT = YES;
			};
			name = Release;
		};
/* End XCBuildConfiguration section */

/* Begin XCConfigurationList section */
		FF20BC5129D3180200A0F8F5 /* Build configuration list for PBXNativeTarget "MindGuard" */ = {
			isa = XCConfigurationList;
			buildConfigurations = (
				FF20BC5229D3180200A0F8F5 /* Debug */,
				FF20BC5329D3180200A0F8F5 /* Release */,
			);
			defaultConfigurationIsVisible = 0;
			defaultConfigurationName = Release;
		};
		FF68226829CDABE700A0ED3C /* Build configuration list for PBXProject "MindGuard" */ = {
			isa = XCConfigurationList;
			buildConfigurations = (
				FF68226929CDABE700A0ED3C /* Debug */,
				FF68226A29CDABE700A0ED3C /* Release */,
			);
			defaultConfigurationIsVisible = 0;
			defaultConfigurationName = Release;
		};
		FF68227429CDAFB700A0ED3C /* Build configuration list for PBXNativeTarget "ming" */ = {
			isa = XCConfigurationList;
			buildConfigurations = (
				FF68227529CDAFB700A0ED3C /* Debug */,
				FF68227629CDAFB700A0ED3C /* Release */,
			);
			defaultConfigurationIsVisible = 0;
			defaultConfigurationName = Release;
		};
		FF9C83F12A0A8A72004A8FE6 /* Build configuration list for PBXNativeTarget "zapato" */ = {
			isa = XCConfigurationList;
			buildConfigurations = (
				FF9C83F22A0A8A72004A8FE6 /* Debug */,
				FF9C83F32A0A8A72004A8FE6 /* Release */,
			);
			defaultConfigurationIsVisible = 0;
			defaultConfigurationName = Release;
		};
/* End XCConfigurationList section */
	};
	rootObject = FF68226529CDABE700A0ED3C /* Project object */;
}
